
Microsoft Visual Studio Solution File, Format Version 12.00
# Visual Studio Version 17
VisualStudioVersion = 17.11.35222.181
MinimumVisualStudioVersion = 10.0.40219.1
Project("{FAE04EC0-301F-11D3-BF4B-00C04F79EFBC}") = "NumberGusserGame", "NumberGusserGame.csproj", "{5D7D88A0-9184-483E-A92E-6486F5BE4897}"
EndProject
Global
	GlobalSection(SolutionConfigurationPlatforms) = preSolution
		Debug|Any CPU = Debug|Any CPU
		Release|Any CPU = Release|Any CPU
	EndGlobalSection
	GlobalSection(ProjectConfigurationPlatforms) = postSolution
		{5D7D88A0-9184-483E-A92E-6486F5BE4897}.Debug|Any CPU.ActiveCfg = Debug|Any CPU
		{5D7D88A0-9184-483E-A92E-6486F5BE4897}.Debug|Any CPU.Build.0 = Debug|Any CPU
		{5D7D88A0-9184-483E-A92E-6486F5BE4897}.Release|Any CPU.ActiveCfg = Release|Any CPU
		{5D7D88A0-9184-483E-A92E-6486F5BE4897}.Release|Any CPU.Build.0 = Release|Any CPU
	EndGlobalSection
	GlobalSection(SolutionProperties) = preSolution
		HideSolutionNode = FALSE
	EndGlobalSection
	GlobalSection(ExtensibilityGlobals) = postSolution
		SolutionGuid = {08920F16-42B9-4B6F-B95C-61E1D15AB48E}
	EndGlobalSection
EndGlobal
